
Microsoft Visual Studio Solution File, Format Version 12.00
# Visual Studio Version 17
VisualStudioVersion = 17.3.32922.545
MinimumVisualStudioVersion = 10.0.40219.1
Project("{FAE04EC0-301F-11D3-BF4B-00C04F79EFBC}") = "FrmOgrenci.App", "FrmOgrenci.App\FrmOgrenci.App.csproj", "{9F41EA05-8250-4675-AD4D-4D9CA25879EB}"
EndProject
Global
	GlobalSection(SolutionConfigurationPlatforms) = preSolution
		Debug|Any CPU = Debug|Any CPU
		Release|Any CPU = Release|Any CPU
	EndGlobalSection
	GlobalSection(ProjectConfigurationPlatforms) = postSolution
		{9F41EA05-8250-4675-AD4D-4D9CA25879EB}.Debug|Any CPU.ActiveCfg = Debug|Any CPU
		{9F41EA05-8250-4675-AD4D-4D9CA25879EB}.Debug|Any CPU.Build.0 = Debug|Any CPU
		{9F41EA05-8250-4675-AD4D-4D9CA25879EB}.Release|Any CPU.ActiveCfg = Release|Any CPU
		{9F41EA05-8250-4675-AD4D-4D9CA25879EB}.Release|Any CPU.Build.0 = Release|Any CPU
	EndGlobalSection
	GlobalSection(SolutionProperties) = preSolution
		HideSolutionNode = FALSE
	EndGlobalSection
	GlobalSection(ExtensibilityGlobals) = postSolution
		SolutionGuid = {E549E6E1-C678-4D2A-A0AE-9A5079FD8F44}
	EndGlobalSection
EndGlobal
